Microsoft Visual Studio Solution File, Format Version 12.00
# Visual Studio Version 17
VisualStudioVersion = 17.1.32210.238
MinimumVisualStudioVersion = 10.0.40219.1
Project("{2150E333-8FDC-42A3-9474-1A3956D46DE8}") = "Solution Items", "Solution Items", "{A5B29DAA-5C76-451D-B53E-90E0CF1F4351}"
	ProjectSection(SolutionItems) = preProject
		..\licence.txt = ..\licence.txt
		..\readme.markdown = ..\readme.markdown
	EndProjectSection
EndProject
Project("{9A19103F-16F7-4668-BE54-9A1E7A4F7556}") = "Host", "Backend\Host.csproj", "{54CA1FA5-20DC-58E4-61BA-B4E3969EC08C}"
EndProject
Project("{9A19103F-16F7-4668-BE54-9A1E7A4F7556}") = "Core", "Backend.Core\Core.csproj", "{57EAED61-895E-98C0-279B-EECBB620C87E}"
EndProject
Project("{9A19103F-16F7-4668-BE54-9A1E7A4F7556}") = "Tests", "Tests\Tests.csproj", "{9CF47860-2CEA-F379-09D8-9AEF27965D12}"
EndProject
Global
	GlobalSection(SolutionConfigurationPlatforms) = preSolution
		Debug|Any CPU = Debug|Any CPU
		Release|Any CPU = Release|Any CPU
	EndGlobalSection
	GlobalSection(ProjectConfigurationPlatforms) = postSolution
		{54CA1FA5-20DC-58E4-61BA-B4E3969EC08C}.Debug|Any CPU.ActiveCfg = Debug|Any CPU
		{54CA1FA5-20DC-58E4-61BA-B4E3969EC08C}.Debug|Any CPU.Build.0 = Debug|Any CPU
		{54CA1FA5-20DC-58E4-61BA-B4E3969EC08C}.Release|Any CPU.ActiveCfg = Release|Any CPU
		{54CA1FA5-20DC-58E4-61BA-B4E3969EC08C}.Release|Any CPU.Build.0 = Release|Any CPU
		{57EAED61-895E-98C0-279B-EECBB620C87E}.Debug|Any CPU.ActiveCfg = Debug|Any CPU
		{57EAED61-895E-98C0-279B-EECBB620C87E}.Debug|Any CPU.Build.0 = Debug|Any CPU
		{57EAED61-895E-98C0-279B-EECBB620C87E}.Release|Any CPU.ActiveCfg = Release|Any CPU
		{57EAED61-895E-98C0-279B-EECBB620C87E}.Release|Any CPU.Build.0 = Release|Any CPU
		{9CF47860-2CEA-F379-09D8-9AEF27965D12}.Debug|Any CPU.ActiveCfg = Debug|Any CPU
		{9CF47860-2CEA-F379-09D8-9AEF27965D12}.Debug|Any CPU.Build.0 = Debug|Any CPU
		{9CF47860-2CEA-F379-09D8-9AEF27965D12}.Release|Any CPU.ActiveCfg = Release|Any CPU
		{9CF47860-2CEA-F379-09D8-9AEF27965D12}.Release|Any CPU.Build.0 = Release|Any CPU
	EndGlobalSection
	GlobalSection(SolutionProperties) = preSolution
		HideSolutionNode = FALSE
	EndGlobalSection
	GlobalSection(ExtensibilityGlobals) = postSolution
		LessCompiler = c936ea17-2c3f-4c2b-ac7b-66e991542ec8
		SolutionGuid = {2B260D44-0E30-4A6F-ADCA-05D837A591D4}
	EndGlobalSection
EndGlobal
