{
  "requires": true,
  "lockfileVersion": 1,
  "dependencies": {
    "orderedmap": {
      "version": "1.0.0",
      "resolved": "https://registry.npmjs.org/orderedmap/-/orderedmap-1.0.0.tgz",
      "integrity": "sha1-2Q/Cuh7QhRkJB9YB3sbmpT+NQbo="
    },
    "prosemirror-commands": {
      "version": "1.0.7",
      "resolved": "https://registry.npmjs.org/prosemirror-commands/-/prosemirror-commands-1.0.7.tgz",
      "integrity": "sha512-IR8yMSdw7XlKuF68tydAak1J9P/lLD5ohsrL7pzoLsJAJAQU7mVPDXtGbQrrm0mesddFjcc1zNo/cJQN3lRYnA==",
      "requires": {
        "prosemirror-model": "1.6.4",
        "prosemirror-state": "1.2.2",
        "prosemirror-transform": "1.1.3"
      }
    },
    "prosemirror-dropcursor": {
      "version": "1.1.1",
      "resolved": "https://registry.npmjs.org/prosemirror-dropcursor/-/prosemirror-dropcursor-1.1.1.tgz",
      "integrity": "sha512-GeUyMO/tOEf8MXrP7Xb7UIMrfK86OGh0fnyBrHfhav4VjY9cw65mNoqHy87CklE5711AhCP5Qzfp8RL/hVKusg==",
      "requires": {
        "prosemirror-state": "1.2.2",
        "prosemirror-transform": "1.1.3",
        "prosemirror-view": "1.6.8"
      }
    },
    "prosemirror-gapcursor": {
      "version": "1.0.3",
      "resolved": "https://registry.npmjs.org/prosemirror-gapcursor/-/prosemirror-gapcursor-1.0.3.tgz",
      "integrity": "sha512-X+hJhr42PcHWiSWL+lI5f/UeOhXCxlBFb8M6O8aG1hssmaRrW7sS2/Fjg5jFV+pTdS1REFkmm1occh01FMdDIQ==",
      "requires": {
        "prosemirror-keymap": "1.0.1",
        "prosemirror-model": "1.6.4",
        "prosemirror-state": "1.2.2",
        "prosemirror-view": "1.6.8"
      }
    },
    "prosemirror-inputrules": {
      "version": "1.0.1",
      "resolved": "https://registry.npmjs.org/prosemirror-inputrules/-/prosemirror-inputrules-1.0.1.tgz",
      "integrity": "sha512-UHy22NmwxS5WIMQYkzraDttQAF8mpP82FfbJsmKFfx6jwkR/SZa+ZhbkLY0zKQ5fBdJN7euj36JG/B5iAlrpxA==",
      "requires": {
        "prosemirror-state": "1.2.2",
        "prosemirror-transform": "1.1.3"
      }
    },
    "prosemirror-keymap": {
      "version": "1.0.1",
      "resolved": "https://registry.npmjs.org/prosemirror-keymap/-/prosemirror-keymap-1.0.1.tgz",
      "integrity": "sha512-e79ApE7PXXZMFtPz7WbjycjAFd1NPjgY1MkecVz98tqwlBSggXWXYQnWFk6x7UkmnBYRHHbXHkR/RXmu2wyBJg==",
      "requires": {
        "prosemirror-state": "1.2.2",
        "w3c-keyname": "1.1.8"
      }
    },
    "prosemirror-model": {
      "version": "1.6.4",
      "resolved": "https://registry.npmjs.org/prosemirror-model/-/prosemirror-model-1.6.4.tgz",
      "integrity": "sha512-C2ALle8fZsAza+6stUF9Gv28jH9XtpNeczb33bowGlnb2cpNI4FZf1HHUyZjf6ou4cEvOlbt6fAYsT4NCKmlcQ==",
      "requires": {
        "orderedmap": "1.0.0"
      }
    },
    "prosemirror-schema-list": {
      "version": "1.0.1",
      "resolved": "https://registry.npmjs.org/prosemirror-schema-list/-/prosemirror-schema-list-1.0.1.tgz",
      "integrity": "sha512-AiLIX6qm6PEeDtMCKZLcSLi55WXo1ls7DnRK+4hSkoi0IIzNdxGsRlecCd3MzEu//DVz3nAEh+zEmslyW+uk8g==",
      "requires": {
        "prosemirror-model": "1.6.4",
        "prosemirror-transform": "1.1.3"
      }
    },
    "prosemirror-state": {
      "version": "1.2.2",
      "resolved": "https://registry.npmjs.org/prosemirror-state/-/prosemirror-state-1.2.2.tgz",
      "integrity": "sha512-j8aC/kf9BJSCQau485I/9pj39XQoce+TqH5xzekT7WWFARTsRYFLJtiXBcCKakv1VSeev+sC3bJP0pLfz7Ft8g==",
      "requires": {
        "prosemirror-model": "1.6.4",
        "prosemirror-transform": "1.1.3"
      }
    },
    "prosemirror-tables": {
      "version": "0.7.10",
      "resolved": "https://registry.npmjs.org/prosemirror-tables/-/prosemirror-tables-0.7.10.tgz",
      "integrity": "sha512-VIu7UGS9keYEHs0Y6AEOTGbNE9QI2rL1OKng4vV6yoTshW/lYcb+s3hGXI12i+WLMjDVm7ujhfdWrpKpvFZOkQ==",
      "requires": {
        "prosemirror-keymap": "1.0.1",
        "prosemirror-model": "1.6.4",
        "prosemirror-state": "1.2.2",
        "prosemirror-transform": "1.1.3",
        "prosemirror-view": "1.6.8"
      }
    },
    "prosemirror-transform": {
      "version": "1.1.3",
      "resolved": "https://registry.npmjs.org/prosemirror-transform/-/prosemirror-transform-1.1.3.tgz",
      "integrity": "sha512-1O6Di5lOL1mp4nuCnQNkHY7l2roIW5y8RH4ZG3hMYmkmDEWzTaFFnxxAAHsE5ipGLBSRcTlP7SsDhYBIdSuLpQ==",
      "requires": {
        "prosemirror-model": "1.6.4"
      }
    },
    "prosemirror-utils": {
      "version": "0.7.5",
      "resolved": "https://registry.npmjs.org/prosemirror-utils/-/prosemirror-utils-0.7.5.tgz",
      "integrity": "sha512-F+63BUiBkUQb1S07c3rGHXjE4MDaZ5OjsNhmaO7eDdSh1lUNORTJJHrvlFEZKnLM7ChoDDXTIKhWNQwnCssQfA=="
    },
    "prosemirror-view": {
      "version": "1.6.8",
      "resolved": "https://registry.npmjs.org/prosemirror-view/-/prosemirror-view-1.6.8.tgz",
      "integrity": "sha512-YWX3rfji77xsU5EErt4ZoecVytYW9/4oHBYhV1MUHGMYIcppe+QZEBgRlyPMBUuu0lxdZX4m3sq7fCsDvv/MlQ==",
      "requires": {
        "prosemirror-model": "1.6.4",
        "prosemirror-state": "1.2.2",
        "prosemirror-transform": "1.1.3"
      }
    },
    "tiptap-commands": {
      "version": "1.3.0",
      "resolved": "https://registry.npmjs.org/tiptap-commands/-/tiptap-commands-1.3.0.tgz",
      "integrity": "sha512-JWcdbzm8NEcmqZ7tuiJRKkR7O7vC3XGF5q5MA2ElL4ulweWVuGy6xhMew/2LaIxhzw48F7BpuImfimJND1kmOw==",
      "requires": {
        "prosemirror-commands": "1.0.7",
        "prosemirror-inputrules": "1.0.1",
        "prosemirror-schema-list": "1.0.1",
        "prosemirror-state": "1.2.2",
        "tiptap-utils": "1.1.0"
      }
    },
    "tiptap-utils": {
      "version": "1.1.0",
      "resolved": "https://registry.npmjs.org/tiptap-utils/-/tiptap-utils-1.1.0.tgz",
      "integrity": "sha512-fvUiEeHh3IzJ4cdFqiAa4T0sZ9JXP98Lx7/ICIptsLU1DaPh1E9LYwqaSSVMLxmF3UxcWL/aK3dgntLQuRgZ7w==",
      "requires": {
        "prosemirror-model": "1.6.4",
        "prosemirror-state": "1.2.2",
        "prosemirror-tables": "0.7.10",
        "prosemirror-utils": "0.7.5"
      }
    },
    "w3c-keyname": {
      "version": "1.1.8",
      "resolved": "https://registry.npmjs.org/w3c-keyname/-/w3c-keyname-1.1.8.tgz",
      "integrity": "sha512-2HAdug8GTiu3b4NYhssdtY8PXRue3ICnh1IlxvZYl+hiINRq0GfNWei3XOPDg8L0PsxbmYjWVLuLj6BMRR/9vA=="
    }
  }
}
