
Microsoft Visual Studio Solution File, Format Version 12.00
# Visual Studio 2013
VisualStudioVersion = 12.0.30501.0
MinimumVisualStudioVersion = 10.0.40219.1
Project("{FAE04EC0-301F-11D3-BF4B-00C04F79EFBC}") = "TrueOrFalse.Tests", "TrueOrFalse.Tests\TrueOrFalse.Tests.csproj", "{1C9D8C0C-800E-4BBB-82B1-89E111004596}"
EndProject
Project("{FAE04EC0-301F-11D3-BF4B-00C04F79EFBC}") = "TrueOrFalse.Frontend.Web", "TrueOrFalse.Frontend.Web\TrueOrFalse.Frontend.Web.csproj", "{C936EA17-2C3F-4C2B-AC7B-66E991542EC8}"
EndProject
Project("{FAE04EC0-301F-11D3-BF4B-00C04F79EFBC}") = "TrueOrFalse", "TrueOrFalse\TrueOrFalse.csproj", "{0AA2472F-E001-45C0-AD00-2E49B1566739}"
EndProject
Project("{2150E333-8FDC-42A3-9474-1A3956D46DE8}") = ".nuget", ".nuget", "{77E09CFC-EFAA-4B72-AF2F-84501668C3BD}"
	ProjectSection(SolutionItems) = preProject
		.nuget\NuGet.Config = .nuget\NuGet.Config
		.nuget\NuGet.exe = .nuget\NuGet.exe
		.nuget\NuGet.targets = .nuget\NuGet.targets
	EndProjectSection
EndProject
Project("{2150E333-8FDC-42A3-9474-1A3956D46DE8}") = "Solution Items", "Solution Items", "{A5B29DAA-5C76-451D-B53E-90E0CF1F4351}"
	ProjectSection(SolutionItems) = preProject
		WebEssentials-Settings.json = WebEssentials-Settings.json
	EndProjectSection
EndProject
Project("{FAE04EC0-301F-11D3-BF4B-00C04F79EFBC}") = "Tool.SolrAdmin", "Tool.SolrAdmin\Tool.SolrAdmin.csproj", "{422DF26E-AE10-4A0F-9B68-0C51332FD1C5}"
EndProject
Global
	GlobalSection(SolutionConfigurationPlatforms) = preSolution
		Debug|Any CPU = Debug|Any CPU
		Release|Any CPU = Release|Any CPU
	EndGlobalSection
	GlobalSection(ProjectConfigurationPlatforms) = postSolution
		{1C9D8C0C-800E-4BBB-82B1-89E111004596}.Debug|Any CPU.ActiveCfg = Debug|Any CPU
		{1C9D8C0C-800E-4BBB-82B1-89E111004596}.Debug|Any CPU.Build.0 = Debug|Any CPU
		{1C9D8C0C-800E-4BBB-82B1-89E111004596}.Release|Any CPU.ActiveCfg = Release|Any CPU
		{1C9D8C0C-800E-4BBB-82B1-89E111004596}.Release|Any CPU.Build.0 = Release|Any CPU
		{C936EA17-2C3F-4C2B-AC7B-66E991542EC8}.Debug|Any CPU.ActiveCfg = Debug|Any CPU
		{C936EA17-2C3F-4C2B-AC7B-66E991542EC8}.Debug|Any CPU.Build.0 = Debug|Any CPU
		{C936EA17-2C3F-4C2B-AC7B-66E991542EC8}.Release|Any CPU.ActiveCfg = Release|Any CPU
		{C936EA17-2C3F-4C2B-AC7B-66E991542EC8}.Release|Any CPU.Build.0 = Release|Any CPU
		{0AA2472F-E001-45C0-AD00-2E49B1566739}.Debug|Any CPU.ActiveCfg = Debug|Any CPU
		{0AA2472F-E001-45C0-AD00-2E49B1566739}.Debug|Any CPU.Build.0 = Debug|Any CPU
		{0AA2472F-E001-45C0-AD00-2E49B1566739}.Release|Any CPU.ActiveCfg = Release|Any CPU
		{0AA2472F-E001-45C0-AD00-2E49B1566739}.Release|Any CPU.Build.0 = Release|Any CPU
		{422DF26E-AE10-4A0F-9B68-0C51332FD1C5}.Debug|Any CPU.ActiveCfg = Debug|Any CPU
		{422DF26E-AE10-4A0F-9B68-0C51332FD1C5}.Debug|Any CPU.Build.0 = Debug|Any CPU
		{422DF26E-AE10-4A0F-9B68-0C51332FD1C5}.Release|Any CPU.ActiveCfg = Release|Any CPU
		{422DF26E-AE10-4A0F-9B68-0C51332FD1C5}.Release|Any CPU.Build.0 = Release|Any CPU
	EndGlobalSection
	GlobalSection(SolutionProperties) = preSolution
		HideSolutionNode = FALSE
	EndGlobalSection
EndGlobal
