
Microsoft Visual Studio Solution File, Format Version 12.00
# Visual Studio 2012
Project("{2150E333-8FDC-42A3-9474-1A3956D46DE8}") = "Solution Items", "Solution Items", "{241E03E3-65D3-4F84-9A70-D8ECBBCA434C}"
EndProject
Project("{FAE04EC0-301F-11D3-BF4B-00C04F79EFBC}") = "TrueOrFalse.Core", "TrueOrFalse.Core\TrueOrFalse.Core.csproj", "{0AA2472F-E001-45C0-AD00-2E49B1566739}"
EndProject
Project("{FAE04EC0-301F-11D3-BF4B-00C04F79EFBC}") = "TrueOrFalse.Tests", "TrueOrFalse.Tests\TrueOrFalse.Tests.csproj", "{1C9D8C0C-800E-4BBB-82B1-89E111004596}"
EndProject
Project("{FAE04EC0-301F-11D3-BF4B-00C04F79EFBC}") = "TrueOrFalse.Frontend.Web", "TrueOrFalse.Frontend.Web\TrueOrFalse.Frontend.Web.csproj", "{C936EA17-2C3F-4C2B-AC7B-66E991542EC8}"
EndProject
Global
	GlobalSection(SolutionConfigurationPlatforms) = preSolution
		Debug|Any CPU = Debug|Any CPU
		Release|Any CPU = Release|Any CPU
	EndGlobalSection
	GlobalSection(ProjectConfigurationPlatforms) = postSolution
		{0AA2472F-E001-45C0-AD00-2E49B1566739}.Debug|Any CPU.ActiveCfg = Debug|Any CPU
		{0AA2472F-E001-45C0-AD00-2E49B1566739}.Debug|Any CPU.Build.0 = Debug|Any CPU
		{0AA2472F-E001-45C0-AD00-2E49B1566739}.Release|Any CPU.ActiveCfg = Release|Any CPU
		{0AA2472F-E001-45C0-AD00-2E49B1566739}.Release|Any CPU.Build.0 = Release|Any CPU
		{1C9D8C0C-800E-4BBB-82B1-89E111004596}.Debug|Any CPU.ActiveCfg = Debug|Any CPU
		{1C9D8C0C-800E-4BBB-82B1-89E111004596}.Debug|Any CPU.Build.0 = Debug|Any CPU
		{1C9D8C0C-800E-4BBB-82B1-89E111004596}.Release|Any CPU.ActiveCfg = Release|Any CPU
		{1C9D8C0C-800E-4BBB-82B1-89E111004596}.Release|Any CPU.Build.0 = Release|Any CPU
		{C936EA17-2C3F-4C2B-AC7B-66E991542EC8}.Debug|Any CPU.ActiveCfg = Debug|Any CPU
		{C936EA17-2C3F-4C2B-AC7B-66E991542EC8}.Debug|Any CPU.Build.0 = Debug|Any CPU
		{C936EA17-2C3F-4C2B-AC7B-66E991542EC8}.Release|Any CPU.ActiveCfg = Release|Any CPU
		{C936EA17-2C3F-4C2B-AC7B-66E991542EC8}.Release|Any CPU.Build.0 = Release|Any CPU
	EndGlobalSection
	GlobalSection(SolutionProperties) = preSolution
		HideSolutionNode = FALSE
	EndGlobalSection
EndGlobal
