
Microsoft Visual Studio Solution File, Format Version 12.00
# Visual Studio Version 16
VisualStudioVersion = 16.0.29609.76
MinimumVisualStudioVersion = 10.0.40219.1
Project("{2150E333-8FDC-42A3-9474-1A3956D46DE8}") = ".nuget", ".nuget", "{77E09CFC-EFAA-4B72-AF2F-84501668C3BD}"
	ProjectSection(SolutionItems) = preProject
		.nuget\NuGet.Config = .nuget\NuGet.Config
		.nuget\NuGet.exe = .nuget\NuGet.exe
		.nuget\NuGet.targets = .nuget\NuGet.targets
	EndProjectSection
EndProject
Project("{2150E333-8FDC-42A3-9474-1A3956D46DE8}") = "Solution Items", "Solution Items", "{A5B29DAA-5C76-451D-B53E-90E0CF1F4351}"
	ProjectSection(SolutionItems) = preProject
		WebEssentials-Settings.json = WebEssentials-Settings.json
	EndProjectSection
EndProject
Project("{FAE04EC0-301F-11D3-BF4B-00C04F79EFBC}") = "Tool.SolrAdmin", "Tool.SolrAdmin\Tool.SolrAdmin.csproj", "{422DF26E-AE10-4A0F-9B68-0C51332FD1C5}"
EndProject
Project("{FAE04EC0-301F-11D3-BF4B-00C04F79EFBC}") = "Tool.Muse", "Tool.Muse\Tool.Muse.csproj", "{DC9EB0B5-6A5C-48AF-BD6A-221C8A63102F}"
EndProject
Project("{FAE04EC0-301F-11D3-BF4B-00C04F79EFBC}") = "TrueOrFalse", "TrueOrFalse\TrueOrFalse.csproj", "{0AA2472F-E001-45C0-AD00-2E49B1566739}"
EndProject
Project("{FAE04EC0-301F-11D3-BF4B-00C04F79EFBC}") = "TrueOrFalse.Frontend.Web", "TrueOrFalse.Frontend.Web\TrueOrFalse.Frontend.Web.csproj", "{C936EA17-2C3F-4C2B-AC7B-66E991542EC8}"
EndProject
Project("{FAE04EC0-301F-11D3-BF4B-00C04F79EFBC}") = "TrueOrFalse.Tests", "TrueOrFalse.Tests\TrueOrFalse.Tests.csproj", "{1C9D8C0C-800E-4BBB-82B1-89E111004596}"
EndProject
Global
	GlobalSection(SolutionConfigurationPlatforms) = preSolution
		Debug|Android = Debug|Android
		Debug|Any CPU = Debug|Any CPU
		Debug|iOS = Debug|iOS
		Debug|Mixed Platforms = Debug|Mixed Platforms
		Debug|Windows Phone (Universal) = Debug|Windows Phone (Universal)
		Debug|Windows Phone 8 = Debug|Windows Phone 8
		Debug|Windows-AnyCPU = Debug|Windows-AnyCPU
		Debug|Windows-ARM = Debug|Windows-ARM
		Debug|Windows-x64 = Debug|Windows-x64
		Debug|Windows-x86 = Debug|Windows-x86
		Distribution|Android = Distribution|Android
		Distribution|Any CPU = Distribution|Any CPU
		Distribution|iOS = Distribution|iOS
		Distribution|Mixed Platforms = Distribution|Mixed Platforms
		Distribution|Windows Phone (Universal) = Distribution|Windows Phone (Universal)
		Distribution|Windows Phone 8 = Distribution|Windows Phone 8
		Distribution|Windows-AnyCPU = Distribution|Windows-AnyCPU
		Distribution|Windows-ARM = Distribution|Windows-ARM
		Distribution|Windows-x64 = Distribution|Windows-x64
		Distribution|Windows-x86 = Distribution|Windows-x86
		Release|Android = Release|Android
		Release|Any CPU = Release|Any CPU
		Release|iOS = Release|iOS
		Release|Mixed Platforms = Release|Mixed Platforms
		Release|Windows Phone (Universal) = Release|Windows Phone (Universal)
		Release|Windows Phone 8 = Release|Windows Phone 8
		Release|Windows-AnyCPU = Release|Windows-AnyCPU
		Release|Windows-ARM = Release|Windows-ARM
		Release|Windows-x64 = Release|Windows-x64
		Release|Windows-x86 = Release|Windows-x86
	EndGlobalSection
	GlobalSection(ProjectConfigurationPlatforms) = postSolution
		{422DF26E-AE10-4A0F-9B68-0C51332FD1C5}.Debug|Android.ActiveCfg = Debug|Any CPU
		{422DF26E-AE10-4A0F-9B68-0C51332FD1C5}.Debug|Any CPU.ActiveCfg = Debug|Any CPU
		{422DF26E-AE10-4A0F-9B68-0C51332FD1C5}.Debug|Any CPU.Build.0 = Debug|Any CPU
		{422DF26E-AE10-4A0F-9B68-0C51332FD1C5}.Debug|iOS.ActiveCfg = Debug|Any CPU
		{422DF26E-AE10-4A0F-9B68-0C51332FD1C5}.Debug|Mixed Platforms.ActiveCfg = Debug|Any CPU
		{422DF26E-AE10-4A0F-9B68-0C51332FD1C5}.Debug|Mixed Platforms.Build.0 = Debug|Any CPU
		{422DF26E-AE10-4A0F-9B68-0C51332FD1C5}.Debug|Windows Phone (Universal).ActiveCfg = Debug|Any CPU
		{422DF26E-AE10-4A0F-9B68-0C51332FD1C5}.Debug|Windows Phone 8.ActiveCfg = Debug|Any CPU
		{422DF26E-AE10-4A0F-9B68-0C51332FD1C5}.Debug|Windows-AnyCPU.ActiveCfg = Debug|Any CPU
		{422DF26E-AE10-4A0F-9B68-0C51332FD1C5}.Debug|Windows-ARM.ActiveCfg = Debug|Any CPU
		{422DF26E-AE10-4A0F-9B68-0C51332FD1C5}.Debug|Windows-x64.ActiveCfg = Debug|Any CPU
		{422DF26E-AE10-4A0F-9B68-0C51332FD1C5}.Debug|Windows-x86.ActiveCfg = Debug|Any CPU
		{422DF26E-AE10-4A0F-9B68-0C51332FD1C5}.Distribution|Android.ActiveCfg = Debug|Any CPU
		{422DF26E-AE10-4A0F-9B68-0C51332FD1C5}.Distribution|Any CPU.ActiveCfg = Debug|Any CPU
		{422DF26E-AE10-4A0F-9B68-0C51332FD1C5}.Distribution|Any CPU.Build.0 = Debug|Any CPU
		{422DF26E-AE10-4A0F-9B68-0C51332FD1C5}.Distribution|iOS.ActiveCfg = Debug|Any CPU
		{422DF26E-AE10-4A0F-9B68-0C51332FD1C5}.Distribution|Mixed Platforms.ActiveCfg = Debug|Any CPU
		{422DF26E-AE10-4A0F-9B68-0C51332FD1C5}.Distribution|Mixed Platforms.Build.0 = Debug|Any CPU
		{422DF26E-AE10-4A0F-9B68-0C51332FD1C5}.Distribution|Windows Phone (Universal).ActiveCfg = Debug|Any CPU
		{422DF26E-AE10-4A0F-9B68-0C51332FD1C5}.Distribution|Windows Phone 8.ActiveCfg = Debug|Any CPU
		{422DF26E-AE10-4A0F-9B68-0C51332FD1C5}.Distribution|Windows-AnyCPU.ActiveCfg = Debug|Any CPU
		{422DF26E-AE10-4A0F-9B68-0C51332FD1C5}.Distribution|Windows-ARM.ActiveCfg = Debug|Any CPU
		{422DF26E-AE10-4A0F-9B68-0C51332FD1C5}.Distribution|Windows-x64.ActiveCfg = Debug|Any CPU
		{422DF26E-AE10-4A0F-9B68-0C51332FD1C5}.Distribution|Windows-x86.ActiveCfg = Debug|Any CPU
		{422DF26E-AE10-4A0F-9B68-0C51332FD1C5}.Release|Android.ActiveCfg = Release|Any CPU
		{422DF26E-AE10-4A0F-9B68-0C51332FD1C5}.Release|Any CPU.ActiveCfg = Release|Any CPU
		{422DF26E-AE10-4A0F-9B68-0C51332FD1C5}.Release|Any CPU.Build.0 = Release|Any CPU
		{422DF26E-AE10-4A0F-9B68-0C51332FD1C5}.Release|iOS.ActiveCfg = Release|Any CPU
		{422DF26E-AE10-4A0F-9B68-0C51332FD1C5}.Release|Mixed Platforms.ActiveCfg = Release|Any CPU
		{422DF26E-AE10-4A0F-9B68-0C51332FD1C5}.Release|Mixed Platforms.Build.0 = Release|Any CPU
		{422DF26E-AE10-4A0F-9B68-0C51332FD1C5}.Release|Windows Phone (Universal).ActiveCfg = Release|Any CPU
		{422DF26E-AE10-4A0F-9B68-0C51332FD1C5}.Release|Windows Phone 8.ActiveCfg = Release|Any CPU
		{422DF26E-AE10-4A0F-9B68-0C51332FD1C5}.Release|Windows-AnyCPU.ActiveCfg = Release|Any CPU
		{422DF26E-AE10-4A0F-9B68-0C51332FD1C5}.Release|Windows-ARM.ActiveCfg = Release|Any CPU
		{422DF26E-AE10-4A0F-9B68-0C51332FD1C5}.Release|Windows-x64.ActiveCfg = Release|Any CPU
		{422DF26E-AE10-4A0F-9B68-0C51332FD1C5}.Release|Windows-x86.ActiveCfg = Release|Any CPU
		{DC9EB0B5-6A5C-48AF-BD6A-221C8A63102F}.Debug|Android.ActiveCfg = Debug|Any CPU
		{DC9EB0B5-6A5C-48AF-BD6A-221C8A63102F}.Debug|Any CPU.ActiveCfg = Debug|Any CPU
		{DC9EB0B5-6A5C-48AF-BD6A-221C8A63102F}.Debug|Any CPU.Build.0 = Debug|Any CPU
		{DC9EB0B5-6A5C-48AF-BD6A-221C8A63102F}.Debug|iOS.ActiveCfg = Debug|Any CPU
		{DC9EB0B5-6A5C-48AF-BD6A-221C8A63102F}.Debug|Mixed Platforms.ActiveCfg = Debug|Any CPU
		{DC9EB0B5-6A5C-48AF-BD6A-221C8A63102F}.Debug|Mixed Platforms.Build.0 = Debug|Any CPU
		{DC9EB0B5-6A5C-48AF-BD6A-221C8A63102F}.Debug|Windows Phone (Universal).ActiveCfg = Debug|Any CPU
		{DC9EB0B5-6A5C-48AF-BD6A-221C8A63102F}.Debug|Windows Phone 8.ActiveCfg = Debug|Any CPU
		{DC9EB0B5-6A5C-48AF-BD6A-221C8A63102F}.Debug|Windows-AnyCPU.ActiveCfg = Debug|Any CPU
		{DC9EB0B5-6A5C-48AF-BD6A-221C8A63102F}.Debug|Windows-ARM.ActiveCfg = Debug|Any CPU
		{DC9EB0B5-6A5C-48AF-BD6A-221C8A63102F}.Debug|Windows-x64.ActiveCfg = Debug|Any CPU
		{DC9EB0B5-6A5C-48AF-BD6A-221C8A63102F}.Debug|Windows-x86.ActiveCfg = Debug|Any CPU
		{DC9EB0B5-6A5C-48AF-BD6A-221C8A63102F}.Distribution|Android.ActiveCfg = Debug|Any CPU
		{DC9EB0B5-6A5C-48AF-BD6A-221C8A63102F}.Distribution|Any CPU.ActiveCfg = Debug|Any CPU
		{DC9EB0B5-6A5C-48AF-BD6A-221C8A63102F}.Distribution|Any CPU.Build.0 = Debug|Any CPU
		{DC9EB0B5-6A5C-48AF-BD6A-221C8A63102F}.Distribution|iOS.ActiveCfg = Debug|Any CPU
		{DC9EB0B5-6A5C-48AF-BD6A-221C8A63102F}.Distribution|Mixed Platforms.ActiveCfg = Debug|Any CPU
		{DC9EB0B5-6A5C-48AF-BD6A-221C8A63102F}.Distribution|Mixed Platforms.Build.0 = Debug|Any CPU
		{DC9EB0B5-6A5C-48AF-BD6A-221C8A63102F}.Distribution|Windows Phone (Universal).ActiveCfg = Debug|Any CPU
		{DC9EB0B5-6A5C-48AF-BD6A-221C8A63102F}.Distribution|Windows Phone 8.ActiveCfg = Debug|Any CPU
		{DC9EB0B5-6A5C-48AF-BD6A-221C8A63102F}.Distribution|Windows-AnyCPU.ActiveCfg = Debug|Any CPU
		{DC9EB0B5-6A5C-48AF-BD6A-221C8A63102F}.Distribution|Windows-ARM.ActiveCfg = Debug|Any CPU
		{DC9EB0B5-6A5C-48AF-BD6A-221C8A63102F}.Distribution|Windows-x64.ActiveCfg = Debug|Any CPU
		{DC9EB0B5-6A5C-48AF-BD6A-221C8A63102F}.Distribution|Windows-x86.ActiveCfg = Debug|Any CPU
		{DC9EB0B5-6A5C-48AF-BD6A-221C8A63102F}.Release|Android.ActiveCfg = Release|Any CPU
		{DC9EB0B5-6A5C-48AF-BD6A-221C8A63102F}.Release|Any CPU.ActiveCfg = Release|Any CPU
		{DC9EB0B5-6A5C-48AF-BD6A-221C8A63102F}.Release|Any CPU.Build.0 = Release|Any CPU
		{DC9EB0B5-6A5C-48AF-BD6A-221C8A63102F}.Release|iOS.ActiveCfg = Release|Any CPU
		{DC9EB0B5-6A5C-48AF-BD6A-221C8A63102F}.Release|Mixed Platforms.ActiveCfg = Release|Any CPU
		{DC9EB0B5-6A5C-48AF-BD6A-221C8A63102F}.Release|Mixed Platforms.Build.0 = Release|Any CPU
		{DC9EB0B5-6A5C-48AF-BD6A-221C8A63102F}.Release|Windows Phone (Universal).ActiveCfg = Release|Any CPU
		{DC9EB0B5-6A5C-48AF-BD6A-221C8A63102F}.Release|Windows Phone 8.ActiveCfg = Release|Any CPU
		{DC9EB0B5-6A5C-48AF-BD6A-221C8A63102F}.Release|Windows-AnyCPU.ActiveCfg = Release|Any CPU
		{DC9EB0B5-6A5C-48AF-BD6A-221C8A63102F}.Release|Windows-ARM.ActiveCfg = Release|Any CPU
		{DC9EB0B5-6A5C-48AF-BD6A-221C8A63102F}.Release|Windows-x64.ActiveCfg = Release|Any CPU
		{DC9EB0B5-6A5C-48AF-BD6A-221C8A63102F}.Release|Windows-x86.ActiveCfg = Release|Any CPU
		{0AA2472F-E001-45C0-AD00-2E49B1566739}.Debug|Android.ActiveCfg = Debug|Any CPU
		{0AA2472F-E001-45C0-AD00-2E49B1566739}.Debug|Any CPU.ActiveCfg = Debug|Any CPU
		{0AA2472F-E001-45C0-AD00-2E49B1566739}.Debug|Any CPU.Build.0 = Debug|Any CPU
		{0AA2472F-E001-45C0-AD00-2E49B1566739}.Debug|iOS.ActiveCfg = Debug|Any CPU
		{0AA2472F-E001-45C0-AD00-2E49B1566739}.Debug|Mixed Platforms.ActiveCfg = Debug|Any CPU
		{0AA2472F-E001-45C0-AD00-2E49B1566739}.Debug|Mixed Platforms.Build.0 = Debug|Any CPU
		{0AA2472F-E001-45C0-AD00-2E49B1566739}.Debug|Windows Phone (Universal).ActiveCfg = Debug|Any CPU
		{0AA2472F-E001-45C0-AD00-2E49B1566739}.Debug|Windows Phone 8.ActiveCfg = Debug|Any CPU
		{0AA2472F-E001-45C0-AD00-2E49B1566739}.Debug|Windows-AnyCPU.ActiveCfg = Debug|Any CPU
		{0AA2472F-E001-45C0-AD00-2E49B1566739}.Debug|Windows-ARM.ActiveCfg = Debug|Any CPU
		{0AA2472F-E001-45C0-AD00-2E49B1566739}.Debug|Windows-x64.ActiveCfg = Debug|Any CPU
		{0AA2472F-E001-45C0-AD00-2E49B1566739}.Debug|Windows-x86.ActiveCfg = Debug|Any CPU
		{0AA2472F-E001-45C0-AD00-2E49B1566739}.Distribution|Android.ActiveCfg = Debug|Any CPU
		{0AA2472F-E001-45C0-AD00-2E49B1566739}.Distribution|Any CPU.ActiveCfg = Debug|Any CPU
		{0AA2472F-E001-45C0-AD00-2E49B1566739}.Distribution|Any CPU.Build.0 = Debug|Any CPU
		{0AA2472F-E001-45C0-AD00-2E49B1566739}.Distribution|iOS.ActiveCfg = Debug|Any CPU
		{0AA2472F-E001-45C0-AD00-2E49B1566739}.Distribution|Mixed Platforms.ActiveCfg = Debug|Any CPU
		{0AA2472F-E001-45C0-AD00-2E49B1566739}.Distribution|Mixed Platforms.Build.0 = Debug|Any CPU
		{0AA2472F-E001-45C0-AD00-2E49B1566739}.Distribution|Windows Phone (Universal).ActiveCfg = Debug|Any CPU
		{0AA2472F-E001-45C0-AD00-2E49B1566739}.Distribution|Windows Phone 8.ActiveCfg = Debug|Any CPU
		{0AA2472F-E001-45C0-AD00-2E49B1566739}.Distribution|Windows-AnyCPU.ActiveCfg = Debug|Any CPU
		{0AA2472F-E001-45C0-AD00-2E49B1566739}.Distribution|Windows-ARM.ActiveCfg = Debug|Any CPU
		{0AA2472F-E001-45C0-AD00-2E49B1566739}.Distribution|Windows-x64.ActiveCfg = Debug|Any CPU
		{0AA2472F-E001-45C0-AD00-2E49B1566739}.Distribution|Windows-x86.ActiveCfg = Debug|Any CPU
		{0AA2472F-E001-45C0-AD00-2E49B1566739}.Release|Android.ActiveCfg = Release|Any CPU
		{0AA2472F-E001-45C0-AD00-2E49B1566739}.Release|Any CPU.ActiveCfg = Release|Any CPU
		{0AA2472F-E001-45C0-AD00-2E49B1566739}.Release|Any CPU.Build.0 = Release|Any CPU
		{0AA2472F-E001-45C0-AD00-2E49B1566739}.Release|iOS.ActiveCfg = Release|Any CPU
		{0AA2472F-E001-45C0-AD00-2E49B1566739}.Release|Mixed Platforms.ActiveCfg = Release|Any CPU
		{0AA2472F-E001-45C0-AD00-2E49B1566739}.Release|Mixed Platforms.Build.0 = Release|Any CPU
		{0AA2472F-E001-45C0-AD00-2E49B1566739}.Release|Windows Phone (Universal).ActiveCfg = Release|Any CPU
		{0AA2472F-E001-45C0-AD00-2E49B1566739}.Release|Windows Phone 8.ActiveCfg = Release|Any CPU
		{0AA2472F-E001-45C0-AD00-2E49B1566739}.Release|Windows-AnyCPU.ActiveCfg = Release|Any CPU
		{0AA2472F-E001-45C0-AD00-2E49B1566739}.Release|Windows-ARM.ActiveCfg = Release|Any CPU
		{0AA2472F-E001-45C0-AD00-2E49B1566739}.Release|Windows-x64.ActiveCfg = Release|Any CPU
		{0AA2472F-E001-45C0-AD00-2E49B1566739}.Release|Windows-x86.ActiveCfg = Release|Any CPU
		{C936EA17-2C3F-4C2B-AC7B-66E991542EC8}.Debug|Android.ActiveCfg = Debug|Any CPU
		{C936EA17-2C3F-4C2B-AC7B-66E991542EC8}.Debug|Any CPU.ActiveCfg = Debug|Any CPU
		{C936EA17-2C3F-4C2B-AC7B-66E991542EC8}.Debug|Any CPU.Build.0 = Debug|Any CPU
		{C936EA17-2C3F-4C2B-AC7B-66E991542EC8}.Debug|iOS.ActiveCfg = Debug|Any CPU
		{C936EA17-2C3F-4C2B-AC7B-66E991542EC8}.Debug|Mixed Platforms.ActiveCfg = Debug|Any CPU
		{C936EA17-2C3F-4C2B-AC7B-66E991542EC8}.Debug|Mixed Platforms.Build.0 = Debug|Any CPU
		{C936EA17-2C3F-4C2B-AC7B-66E991542EC8}.Debug|Windows Phone (Universal).ActiveCfg = Debug|Any CPU
		{C936EA17-2C3F-4C2B-AC7B-66E991542EC8}.Debug|Windows Phone 8.ActiveCfg = Debug|Any CPU
		{C936EA17-2C3F-4C2B-AC7B-66E991542EC8}.Debug|Windows-AnyCPU.ActiveCfg = Debug|Any CPU
		{C936EA17-2C3F-4C2B-AC7B-66E991542EC8}.Debug|Windows-ARM.ActiveCfg = Debug|Any CPU
		{C936EA17-2C3F-4C2B-AC7B-66E991542EC8}.Debug|Windows-x64.ActiveCfg = Debug|Any CPU
		{C936EA17-2C3F-4C2B-AC7B-66E991542EC8}.Debug|Windows-x86.ActiveCfg = Debug|Any CPU
		{C936EA17-2C3F-4C2B-AC7B-66E991542EC8}.Distribution|Android.ActiveCfg = Debug|Any CPU
		{C936EA17-2C3F-4C2B-AC7B-66E991542EC8}.Distribution|Any CPU.ActiveCfg = Debug|Any CPU
		{C936EA17-2C3F-4C2B-AC7B-66E991542EC8}.Distribution|Any CPU.Build.0 = Debug|Any CPU
		{C936EA17-2C3F-4C2B-AC7B-66E991542EC8}.Distribution|iOS.ActiveCfg = Debug|Any CPU
		{C936EA17-2C3F-4C2B-AC7B-66E991542EC8}.Distribution|Mixed Platforms.ActiveCfg = Debug|Any CPU
		{C936EA17-2C3F-4C2B-AC7B-66E991542EC8}.Distribution|Mixed Platforms.Build.0 = Debug|Any CPU
		{C936EA17-2C3F-4C2B-AC7B-66E991542EC8}.Distribution|Windows Phone (Universal).ActiveCfg = Debug|Any CPU
		{C936EA17-2C3F-4C2B-AC7B-66E991542EC8}.Distribution|Windows Phone 8.ActiveCfg = Debug|Any CPU
		{C936EA17-2C3F-4C2B-AC7B-66E991542EC8}.Distribution|Windows-AnyCPU.ActiveCfg = Debug|Any CPU
		{C936EA17-2C3F-4C2B-AC7B-66E991542EC8}.Distribution|Windows-ARM.ActiveCfg = Debug|Any CPU
		{C936EA17-2C3F-4C2B-AC7B-66E991542EC8}.Distribution|Windows-x64.ActiveCfg = Debug|Any CPU
		{C936EA17-2C3F-4C2B-AC7B-66E991542EC8}.Distribution|Windows-x86.ActiveCfg = Debug|Any CPU
		{C936EA17-2C3F-4C2B-AC7B-66E991542EC8}.Release|Android.ActiveCfg = Release|Any CPU
		{C936EA17-2C3F-4C2B-AC7B-66E991542EC8}.Release|Any CPU.ActiveCfg = Release|Any CPU
		{C936EA17-2C3F-4C2B-AC7B-66E991542EC8}.Release|Any CPU.Build.0 = Release|Any CPU
		{C936EA17-2C3F-4C2B-AC7B-66E991542EC8}.Release|iOS.ActiveCfg = Release|Any CPU
		{C936EA17-2C3F-4C2B-AC7B-66E991542EC8}.Release|Mixed Platforms.ActiveCfg = Release|Any CPU
		{C936EA17-2C3F-4C2B-AC7B-66E991542EC8}.Release|Mixed Platforms.Build.0 = Release|Any CPU
		{C936EA17-2C3F-4C2B-AC7B-66E991542EC8}.Release|Windows Phone (Universal).ActiveCfg = Release|Any CPU
		{C936EA17-2C3F-4C2B-AC7B-66E991542EC8}.Release|Windows Phone 8.ActiveCfg = Release|Any CPU
		{C936EA17-2C3F-4C2B-AC7B-66E991542EC8}.Release|Windows-AnyCPU.ActiveCfg = Release|Any CPU
		{C936EA17-2C3F-4C2B-AC7B-66E991542EC8}.Release|Windows-ARM.ActiveCfg = Release|Any CPU
		{C936EA17-2C3F-4C2B-AC7B-66E991542EC8}.Release|Windows-x64.ActiveCfg = Release|Any CPU
		{C936EA17-2C3F-4C2B-AC7B-66E991542EC8}.Release|Windows-x86.ActiveCfg = Release|Any CPU
		{1C9D8C0C-800E-4BBB-82B1-89E111004596}.Debug|Android.ActiveCfg = Debug|Any CPU
		{1C9D8C0C-800E-4BBB-82B1-89E111004596}.Debug|Any CPU.ActiveCfg = Debug|Any CPU
		{1C9D8C0C-800E-4BBB-82B1-89E111004596}.Debug|Any CPU.Build.0 = Debug|Any CPU
		{1C9D8C0C-800E-4BBB-82B1-89E111004596}.Debug|iOS.ActiveCfg = Debug|Any CPU
		{1C9D8C0C-800E-4BBB-82B1-89E111004596}.Debug|Mixed Platforms.ActiveCfg = Debug|Any CPU
		{1C9D8C0C-800E-4BBB-82B1-89E111004596}.Debug|Mixed Platforms.Build.0 = Debug|Any CPU
		{1C9D8C0C-800E-4BBB-82B1-89E111004596}.Debug|Windows Phone (Universal).ActiveCfg = Debug|Any CPU
		{1C9D8C0C-800E-4BBB-82B1-89E111004596}.Debug|Windows Phone 8.ActiveCfg = Debug|Any CPU
		{1C9D8C0C-800E-4BBB-82B1-89E111004596}.Debug|Windows-AnyCPU.ActiveCfg = Debug|Any CPU
		{1C9D8C0C-800E-4BBB-82B1-89E111004596}.Debug|Windows-ARM.ActiveCfg = Debug|Any CPU
		{1C9D8C0C-800E-4BBB-82B1-89E111004596}.Debug|Windows-x64.ActiveCfg = Debug|Any CPU
		{1C9D8C0C-800E-4BBB-82B1-89E111004596}.Debug|Windows-x86.ActiveCfg = Debug|Any CPU
		{1C9D8C0C-800E-4BBB-82B1-89E111004596}.Distribution|Android.ActiveCfg = Debug|Any CPU
		{1C9D8C0C-800E-4BBB-82B1-89E111004596}.Distribution|Any CPU.ActiveCfg = Debug|Any CPU
		{1C9D8C0C-800E-4BBB-82B1-89E111004596}.Distribution|Any CPU.Build.0 = Debug|Any CPU
		{1C9D8C0C-800E-4BBB-82B1-89E111004596}.Distribution|iOS.ActiveCfg = Debug|Any CPU
		{1C9D8C0C-800E-4BBB-82B1-89E111004596}.Distribution|Mixed Platforms.ActiveCfg = Debug|Any CPU
		{1C9D8C0C-800E-4BBB-82B1-89E111004596}.Distribution|Mixed Platforms.Build.0 = Debug|Any CPU
		{1C9D8C0C-800E-4BBB-82B1-89E111004596}.Distribution|Windows Phone (Universal).ActiveCfg = Debug|Any CPU
		{1C9D8C0C-800E-4BBB-82B1-89E111004596}.Distribution|Windows Phone 8.ActiveCfg = Debug|Any CPU
		{1C9D8C0C-800E-4BBB-82B1-89E111004596}.Distribution|Windows-AnyCPU.ActiveCfg = Debug|Any CPU
		{1C9D8C0C-800E-4BBB-82B1-89E111004596}.Distribution|Windows-ARM.ActiveCfg = Debug|Any CPU
		{1C9D8C0C-800E-4BBB-82B1-89E111004596}.Distribution|Windows-x64.ActiveCfg = Debug|Any CPU
		{1C9D8C0C-800E-4BBB-82B1-89E111004596}.Distribution|Windows-x86.ActiveCfg = Debug|Any CPU
		{1C9D8C0C-800E-4BBB-82B1-89E111004596}.Release|Android.ActiveCfg = Release|Any CPU
		{1C9D8C0C-800E-4BBB-82B1-89E111004596}.Release|Any CPU.ActiveCfg = Release|Any CPU
		{1C9D8C0C-800E-4BBB-82B1-89E111004596}.Release|Any CPU.Build.0 = Release|Any CPU
		{1C9D8C0C-800E-4BBB-82B1-89E111004596}.Release|iOS.ActiveCfg = Release|Any CPU
		{1C9D8C0C-800E-4BBB-82B1-89E111004596}.Release|Mixed Platforms.ActiveCfg = Release|Any CPU
		{1C9D8C0C-800E-4BBB-82B1-89E111004596}.Release|Mixed Platforms.Build.0 = Release|Any CPU
		{1C9D8C0C-800E-4BBB-82B1-89E111004596}.Release|Windows Phone (Universal).ActiveCfg = Release|Any CPU
		{1C9D8C0C-800E-4BBB-82B1-89E111004596}.Release|Windows Phone 8.ActiveCfg = Release|Any CPU
		{1C9D8C0C-800E-4BBB-82B1-89E111004596}.Release|Windows-AnyCPU.ActiveCfg = Release|Any CPU
		{1C9D8C0C-800E-4BBB-82B1-89E111004596}.Release|Windows-ARM.ActiveCfg = Release|Any CPU
		{1C9D8C0C-800E-4BBB-82B1-89E111004596}.Release|Windows-x64.ActiveCfg = Release|Any CPU
		{1C9D8C0C-800E-4BBB-82B1-89E111004596}.Release|Windows-x86.ActiveCfg = Release|Any CPU
	EndGlobalSection
	GlobalSection(SolutionProperties) = preSolution
		HideSolutionNode = FALSE
	EndGlobalSection
	GlobalSection(ExtensibilityGlobals) = postSolution
		SolutionGuid = {2B260D44-0E30-4A6F-ADCA-05D837A591D4}
		LessCompiler = c936ea17-2c3f-4c2b-ac7b-66e991542ec8
	EndGlobalSection
EndGlobal
